// !$*UTF8*$!
{
	archiveVersion = 1;
	classes = {
	};
	objectVersion = 56;
	objects = {

/* Begin PBXBuildFile section */
		D213BE312AFCFEC30082427C /* Pet_PlannerApp.swift in Sources */ = {isa = PBXBuildFile; fileRef = D213BE302AFCFEC30082427C /* Pet_PlannerApp.swift */; };
		D23252042AD91D5E00C9530C /* SelectPetView.swift in Sources */ = {isa = PBXBuildFile; fileRef = D23252032AD91D5E00C9530C /* SelectPetView.swift */; };
		D27780192AD54B6500BAE993 /* PreviewData.swift in Sources */ = {isa = PBXBuildFile; fileRef = D27780182AD54B6500BAE993 /* PreviewData.swift */; };
		D277801E2AD54EBD00BAE993 /* Date+Extensions.swift in Sources */ = {isa = PBXBuildFile; fileRef = D277801D2AD54EBD00BAE993 /* Date+Extensions.swift */; };
		D27780202AD54F5500BAE993 /* TaskDetailView.swift in Sources */ = {isa = PBXBuildFile; fileRef = D277801F2AD54F5500BAE993 /* TaskDetailView.swift */; };
		D27780232AD6799800BAE993 /* CustomOperators.swift in Sources */ = {isa = PBXBuildFile; fileRef = D27780222AD6799800BAE993 /* CustomOperators.swift */; };
		D27780252AD679D700BAE993 /* TaskEditView.swift in Sources */ = {isa = PBXBuildFile; fileRef = D27780242AD679D700BAE993 /* TaskEditView.swift */; };
		D27780282AD67A2000BAE993 /* TaskEditConfig.swift in Sources */ = {isa = PBXBuildFile; fileRef = D27780272AD67A2000BAE993 /* TaskEditConfig.swift */; };
		D28505822ACFE474000FA305 /* ContentView.swift in Sources */ = {isa = PBXBuildFile; fileRef = D28505812ACFE474000FA305 /* ContentView.swift */; };
		D28505842ACFE476000FA305 /* Assets.xcassets in Resources */ = {isa = PBXBuildFile; fileRef = D28505832ACFE476000FA305 /* Assets.xcassets */; };
		D28505872ACFE476000FA305 /* Preview Assets.xcassets in Resources */ = {isa = PBXBuildFile; fileRef = D28505862ACFE476000FA305 /* Preview Assets.xcassets */; };
		D28505A22ACFF8F6000FA305 /* AddPetView.swift in Sources */ = {isa = PBXBuildFile; fileRef = D28505A12ACFF8F6000FA305 /* AddPetView.swift */; };
		D28505A82AD002BD000FA305 /* CoreDataProvider.swift in Sources */ = {isa = PBXBuildFile; fileRef = D28505A72AD002BD000FA305 /* CoreDataProvider.swift */; };
		D28505B12AD006E4000FA305 /* AnimalsModel.xcdatamodeld in Sources */ = {isa = PBXBuildFile; fileRef = D28505AF2AD006E4000FA305 /* AnimalsModel.xcdatamodeld */; };
		D28505B42AD01EC2000FA305 /* AnimalService.swift in Sources */ = {isa = PBXBuildFile; fileRef = D28505B32AD01EC2000FA305 /* AnimalService.swift */; };
		D29600F52AD3EF2000421CCF /* HomeView.swift in Sources */ = {isa = PBXBuildFile; fileRef = D29600F42AD3EF2000421CCF /* HomeView.swift */; };
		D29600F72AD3F1C900421CCF /* PetsView.swift in Sources */ = {isa = PBXBuildFile; fileRef = D29600F62AD3F1C900421CCF /* PetsView.swift */; };
		D29600F92AD3FF0100421CCF /* PetDetailView.swift in Sources */ = {isa = PBXBuildFile; fileRef = D29600F82AD3FF0100421CCF /* PetDetailView.swift */; };
		D29600FB2AD412C300421CCF /* TaskListView.swift in Sources */ = {isa = PBXBuildFile; fileRef = D29600FA2AD412C300421CCF /* TaskListView.swift */; };
		D29809FE2ADD074B00B77A49 /* TaskStatsBuilder.swift in Sources */ = {isa = PBXBuildFile; fileRef = D29809FD2ADD074B00B77A49 /* TaskStatsBuilder.swift */; };
		D2980A002ADD0CC700B77A49 /* TaskStatView.swift in Sources */ = {isa = PBXBuildFile; fileRef = D29809FF2ADD0CC700B77A49 /* TaskStatView.swift */; };
		D2980A022ADFB28300B77A49 /* NewTaskView.swift in Sources */ = {isa = PBXBuildFile; fileRef = D2980A012ADFB28300B77A49 /* NewTaskView.swift */; };
		D2980A062AE146C100B77A49 /* İmagePicker.swift in Sources */ = {isa = PBXBuildFile; fileRef = D2980A052AE146C100B77A49 /* İmagePicker.swift */; };
		D2980A112AEB9F8C00B77A49 /* AnimalEditConfig.swift in Sources */ = {isa = PBXBuildFile; fileRef = D2980A102AEB9F8C00B77A49 /* AnimalEditConfig.swift */; };
		D2980A132AEBA15C00B77A49 /* AnimalEditView.swift in Sources */ = {isa = PBXBuildFile; fileRef = D2980A122AEBA15C00B77A49 /* AnimalEditView.swift */; };
		D2DCA4EA2ADA71E100D18F32 /* Delay.swift in Sources */ = {isa = PBXBuildFile; fileRef = D2DCA4E92ADA71E100D18F32 /* Delay.swift */; };
/* End PBXBuildFile section */

/* Begin PBXFileReference section */
		D213BE302AFCFEC30082427C /* Pet_PlannerApp.swift */ = {isa = PBXFileReference; fileEncoding = 4; lastKnownFileType = sourcecode.swift; path = Pet_PlannerApp.swift; sourceTree = "<group>"; };
		D23252032AD91D5E00C9530C /* SelectPetView.swift */ = {isa = PBXFileReference; lastKnownFileType = sourcecode.swift; path = SelectPetView.swift; sourceTree = "<group>"; };
		D27780182AD54B6500BAE993 /* PreviewData.swift */ = {isa = PBXFileReference; lastKnownFileType = sourcecode.swift; path = PreviewData.swift; sourceTree = "<group>"; };
		D277801D2AD54EBD00BAE993 /* Date+Extensions.swift */ = {isa = PBXFileReference; lastKnownFileType = sourcecode.swift; path = "Date+Extensions.swift"; sourceTree = "<group>"; };
		D277801F2AD54F5500BAE993 /* TaskDetailView.swift */ = {isa = PBXFileReference; lastKnownFileType = sourcecode.swift; path = TaskDetailView.swift; sourceTree = "<group>"; };
		D27780222AD6799800BAE993 /* CustomOperators.swift */ = {isa = PBXFileReference; lastKnownFileType = sourcecode.swift; path = CustomOperators.swift; sourceTree = "<group>"; };
		D27780242AD679D700BAE993 /* TaskEditView.swift */ = {isa = PBXFileReference; lastKnownFileType = sourcecode.swift; path = TaskEditView.swift; sourceTree = "<group>"; };
		D27780272AD67A2000BAE993 /* TaskEditConfig.swift */ = {isa = PBXFileReference; lastKnownFileType = sourcecode.swift; path = TaskEditConfig.swift; sourceTree = "<group>"; };
		D285057C2ACFE474000FA305 /* Pet Planner.app */ = {isa = PBXFileReference; explicitFileType = wrapper.application; includeInIndex = 0; path = "Pet Planner.app"; sourceTree = BUILT_PRODUCTS_DIR; };
		D28505812ACFE474000FA305 /* ContentView.swift */ = {isa = PBXFileReference; lastKnownFileType = sourcecode.swift; path = ContentView.swift; sourceTree = "<group>"; };
		D28505832ACFE476000FA305 /* Assets.xcassets */ = {isa = PBXFileReference; lastKnownFileType = folder.assetcatalog; path = Assets.xcassets; sourceTree = "<group>"; };
		D28505862ACFE476000FA305 /* Preview Assets.xcassets */ = {isa = PBXFileReference; lastKnownFileType = folder.assetcatalog; path = "Preview Assets.xcassets"; sourceTree = "<group>"; };
		D28505A12ACFF8F6000FA305 /* AddPetView.swift */ = {isa = PBXFileReference; lastKnownFileType = sourcecode.swift; path = AddPetView.swift; sourceTree = "<group>"; };
		D28505A72AD002BD000FA305 /* CoreDataProvider.swift */ = {isa = PBXFileReference; lastKnownFileType = sourcecode.swift; path = CoreDataProvider.swift; sourceTree = "<group>"; };
		D28505B02AD006E4000FA305 /* AnimalsModel.xcdatamodel */ = {isa = PBXFileReference; lastKnownFileType = wrapper.xcdatamodel; path = AnimalsModel.xcdatamodel; sourceTree = "<group>"; };
		D28505B32AD01EC2000FA305 /* AnimalService.swift */ = {isa = PBXFileReference; lastKnownFileType = sourcecode.swift; path = AnimalService.swift; sourceTree = "<group>"; };
		D29600F42AD3EF2000421CCF /* HomeView.swift */ = {isa = PBXFileReference; lastKnownFileType = sourcecode.swift; path = HomeView.swift; sourceTree = "<group>"; };
		D29600F62AD3F1C900421CCF /* PetsView.swift */ = {isa = PBXFileReference; lastKnownFileType = sourcecode.swift; path = PetsView.swift; sourceTree = "<group>"; };
		D29600F82AD3FF0100421CCF /* PetDetailView.swift */ = {isa = PBXFileReference; lastKnownFileType = sourcecode.swift; path = PetDetailView.swift; sourceTree = "<group>"; };
		D29600FA2AD412C300421CCF /* TaskListView.swift */ = {isa = PBXFileReference; lastKnownFileType = sourcecode.swift; path = TaskListView.swift; sourceTree = "<group>"; };
		D29809FD2ADD074B00B77A49 /* TaskStatsBuilder.swift */ = {isa = PBXFileReference; lastKnownFileType = sourcecode.swift; path = TaskStatsBuilder.swift; sourceTree = "<group>"; };
		D29809FF2ADD0CC700B77A49 /* TaskStatView.swift */ = {isa = PBXFileReference; lastKnownFileType = sourcecode.swift; path = TaskStatView.swift; sourceTree = "<group>"; };
		D2980A012ADFB28300B77A49 /* NewTaskView.swift */ = {isa = PBXFileReference; lastKnownFileType = sourcecode.swift; path = NewTaskView.swift; sourceTree = "<group>"; };
		D2980A052AE146C100B77A49 /* İmagePicker.swift */ = {isa = PBXFileReference; lastKnownFileType = sourcecode.swift; path = "İmagePicker.swift"; sourceTree = "<group>"; };
		D2980A102AEB9F8C00B77A49 /* AnimalEditConfig.swift */ = {isa = PBXFileReference; lastKnownFileType = sourcecode.swift; path = AnimalEditConfig.swift; sourceTree = "<group>"; };
		D2980A122AEBA15C00B77A49 /* AnimalEditView.swift */ = {isa = PBXFileReference; lastKnownFileType = sourcecode.swift; path = AnimalEditView.swift; sourceTree = "<group>"; };
		D2DCA4E92ADA71E100D18F32 /* Delay.swift */ = {isa = PBXFileReference; lastKnownFileType = sourcecode.swift; path = Delay.swift; sourceTree = "<group>"; };
/* End PBXFileReference section */

/* Begin PBXFrameworksBuildPhase section */
		D28505792ACFE474000FA305 /* Frameworks */ = {
			isa = PBXFrameworksBuildPhase;
			buildActionMask = 2147483647;
			files = (
			);
			runOnlyForDeploymentPostprocessing = 0;
		};
/* End PBXFrameworksBuildPhase section */

/* Begin PBXGroup section */
		D277801C2AD54EA900BAE993 /* Extensions */ = {
			isa = PBXGroup;
			children = (
				D277801D2AD54EBD00BAE993 /* Date+Extensions.swift */,
				D2980A052AE146C100B77A49 /* İmagePicker.swift */,
			);
			path = Extensions;
			sourceTree = "<group>";
		};
		D27780212AD6797A00BAE993 /* Utils */ = {
			isa = PBXGroup;
			children = (
				D27780222AD6799800BAE993 /* CustomOperators.swift */,
				D2DCA4E92ADA71E100D18F32 /* Delay.swift */,
			);
			path = Utils;
			sourceTree = "<group>";
		};
		D27780262AD679F900BAE993 /* EditConfig */ = {
			isa = PBXGroup;
			children = (
				D27780272AD67A2000BAE993 /* TaskEditConfig.swift */,
				D2980A102AEB9F8C00B77A49 /* AnimalEditConfig.swift */,
				D29809FD2ADD074B00B77A49 /* TaskStatsBuilder.swift */,
			);
			path = EditConfig;
			sourceTree = "<group>";
		};
		D28505732ACFE474000FA305 = {
			isa = PBXGroup;
			children = (
				D213BE302AFCFEC30082427C /* Pet_PlannerApp.swift */,
				D285057E2ACFE474000FA305 /* Pet Planner */,
				D285057D2ACFE474000FA305 /* Products */,
			);
			sourceTree = "<group>";
		};
		D285057D2ACFE474000FA305 /* Products */ = {
			isa = PBXGroup;
			children = (
				D285057C2ACFE474000FA305 /* Pet Planner.app */,
			);
			name = Products;
			sourceTree = "<group>";
		};
		D285057E2ACFE474000FA305 /* Pet Planner */ = {
			isa = PBXGroup;
			children = (
				D28505B22AD01E91000FA305 /* Services */,
				D28505A02ACFF8DF000FA305 /* Views */,
				D277801C2AD54EA900BAE993 /* Extensions */,
				D27780212AD6797A00BAE993 /* Utils */,
				D27780262AD679F900BAE993 /* EditConfig */,
				D28505AB2AD0033D000FA305 /* Providers */,
				D28505832ACFE476000FA305 /* Assets.xcassets */,
				D28505852ACFE476000FA305 /* Preview Content */,
				D28505AF2AD006E4000FA305 /* AnimalsModel.xcdatamodeld */,
			);
			path = "Pet Planner";
			sourceTree = "<group>";
		};
		D28505852ACFE476000FA305 /* Preview Content */ = {
			isa = PBXGroup;
			children = (
				D28505862ACFE476000FA305 /* Preview Assets.xcassets */,
				D27780182AD54B6500BAE993 /* PreviewData.swift */,
			);
			path = "Preview Content";
			sourceTree = "<group>";
		};
		D28505A02ACFF8DF000FA305 /* Views */ = {
			isa = PBXGroup;
			children = (
				D28505812ACFE474000FA305 /* ContentView.swift */,
				D29600F42AD3EF2000421CCF /* HomeView.swift */,
				D29600F62AD3F1C900421CCF /* PetsView.swift */,
				D28505A12ACFF8F6000FA305 /* AddPetView.swift */,
				D29600F82AD3FF0100421CCF /* PetDetailView.swift */,
				D2980A012ADFB28300B77A49 /* NewTaskView.swift */,
				D29600FA2AD412C300421CCF /* TaskListView.swift */,
				D277801F2AD54F5500BAE993 /* TaskDetailView.swift */,
				D27780242AD679D700BAE993 /* TaskEditView.swift */,
				D2980A122AEBA15C00B77A49 /* AnimalEditView.swift */,
				D23252032AD91D5E00C9530C /* SelectPetView.swift */,
				D29809FF2ADD0CC700B77A49 /* TaskStatView.swift */,
			);
			path = Views;
			sourceTree = "<group>";
		};
		D28505AB2AD0033D000FA305 /* Providers */ = {
			isa = PBXGroup;
			children = (
				D28505A72AD002BD000FA305 /* CoreDataProvider.swift */,
			);
			path = Providers;
			sourceTree = "<group>";
		};
		D28505B22AD01E91000FA305 /* Services */ = {
			isa = PBXGroup;
			children = (
				D28505B32AD01EC2000FA305 /* AnimalService.swift */,
			);
			path = Services;
			sourceTree = "<group>";
		};
/* End PBXGroup section */

/* Begin PBXNativeTarget section */
		D285057B2ACFE474000FA305 /* Pet Planner */ = {
			isa = PBXNativeTarget;
			buildConfigurationList = D285058A2ACFE476000FA305 /* Build configuration list for PBXNativeTarget "Pet Planner" */;
			buildPhases = (
				D28505782ACFE474000FA305 /* Sources */,
				D28505792ACFE474000FA305 /* Frameworks */,
				D285057A2ACFE474000FA305 /* Resources */,
			);
			buildRules = (
			);
			dependencies = (
			);
			name = "Pet Planner";
			productName = "Pet Planner";
			productReference = D285057C2ACFE474000FA305 /* Pet Planner.app */;
			productType = "com.apple.product-type.application";
		};
/* End PBXNativeTarget section */

/* Begin PBXProject section */
		D28505742ACFE474000FA305 /* Project object */ = {
			isa = PBXProject;
			attributes = {
				BuildIndependentTargetsInParallel = 1;
				LastSwiftUpdateCheck = 1500;
				LastUpgradeCheck = 1500;
				TargetAttributes = {
					D285057B2ACFE474000FA305 = {
						CreatedOnToolsVersion = 15.0;
					};
				};
			};
			buildConfigurationList = D28505772ACFE474000FA305 /* Build configuration list for PBXProject "Pet Planner" */;
			compatibilityVersion = "Xcode 14.0";
			developmentRegion = en;
			hasScannedForEncodings = 0;
			knownRegions = (
				en,
				Base,
			);
			mainGroup = D28505732ACFE474000FA305;
			productRefGroup = D285057D2ACFE474000FA305 /* Products */;
			projectDirPath = "";
			projectRoot = "";
			targets = (
				D285057B2ACFE474000FA305 /* Pet Planner */,
			);
		};
/* End PBXProject section */

/* Begin PBXResourcesBuildPhase section */
		D285057A2ACFE474000FA305 /* Resources */ = {
			isa = PBXResourcesBuildPhase;
			buildActionMask = 2147483647;
			files = (
				D28505872ACFE476000FA305 /* Preview Assets.xcassets in Resources */,
				D28505842ACFE476000FA305 /* Assets.xcassets in Resources */,
			);
			runOnlyForDeploymentPostprocessing = 0;
		};
/* End PBXResourcesBuildPhase section */

/* Begin PBXSourcesBuildPhase section */
		D28505782ACFE474000FA305 /* Sources */ = {
			isa = PBXSourcesBuildPhase;
			buildActionMask = 2147483647;
			files = (
				D2980A022ADFB28300B77A49 /* NewTaskView.swift in Sources */,
				D2980A002ADD0CC700B77A49 /* TaskStatView.swift in Sources */,
				D23252042AD91D5E00C9530C /* SelectPetView.swift in Sources */,
				D27780202AD54F5500BAE993 /* TaskDetailView.swift in Sources */,
				D27780252AD679D700BAE993 /* TaskEditView.swift in Sources */,
				D2980A112AEB9F8C00B77A49 /* AnimalEditConfig.swift in Sources */,
				D29600F72AD3F1C900421CCF /* PetsView.swift in Sources */,
				D213BE312AFCFEC30082427C /* Pet_PlannerApp.swift in Sources */,
				D29600F92AD3FF0100421CCF /* PetDetailView.swift in Sources */,
				D28505B12AD006E4000FA305 /* AnimalsModel.xcdatamodeld in Sources */,
				D29809FE2ADD074B00B77A49 /* TaskStatsBuilder.swift in Sources */,
				D2980A132AEBA15C00B77A49 /* AnimalEditView.swift in Sources */,
				D277801E2AD54EBD00BAE993 /* Date+Extensions.swift in Sources */,
				D2DCA4EA2ADA71E100D18F32 /* Delay.swift in Sources */,
				D27780232AD6799800BAE993 /* CustomOperators.swift in Sources */,
				D27780282AD67A2000BAE993 /* TaskEditConfig.swift in Sources */,
				D29600FB2AD412C300421CCF /* TaskListView.swift in Sources */,
				D28505822ACFE474000FA305 /* ContentView.swift in Sources */,
				D28505A22ACFF8F6000FA305 /* AddPetView.swift in Sources */,
				D28505B42AD01EC2000FA305 /* AnimalService.swift in Sources */,
				D27780192AD54B6500BAE993 /* PreviewData.swift in Sources */,
				D2980A062AE146C100B77A49 /* İmagePicker.swift in Sources */,
				D29600F52AD3EF2000421CCF /* HomeView.swift in Sources */,
				D28505A82AD002BD000FA305 /* CoreDataProvider.swift in Sources */,
			);
			runOnlyForDeploymentPostprocessing = 0;
		};
/* End PBXSourcesBuildPhase section */

/* Begin XCBuildConfiguration section */
		D28505882ACFE476000FA305 /* Debug */ = {
			isa = XCBuildConfiguration;
			buildSettings = {
				ALWAYS_SEARCH_USER_PATHS = NO;
				ASSETCATALOG_COMPILER_GENERATE_SWIFT_ASSET_SYMBOL_EXTENSIONS = YES;
				CLANG_ANALYZER_NONNULL = YES;
				CLANG_ANALYZER_NUMBER_OBJECT_CONVERSION = YES_AGGRESSIVE;
				CLANG_CXX_LANGUAGE_STANDARD = "gnu++20";
				CLANG_ENABLE_MODULES = YES;
				CLANG_ENABLE_OBJC_ARC = YES;
				CLANG_ENABLE_OBJC_WEAK = YES;
				CLANG_WARN_BLOCK_CAPTURE_AUTORELEASING = YES;
				CLANG_WARN_BOOL_CONVERSION = YES;
				CLANG_WARN_COMMA = YES;
				CLANG_WARN_CONSTANT_CONVERSION = YES;
				CLANG_WARN_DEPRECATED_OBJC_IMPLEMENTATIONS = YES;
				CLANG_WARN_DIRECT_OBJC_ISA_USAGE = YES_ERROR;
				CLANG_WARN_DOCUMENTATION_COMMENTS = YES;
				CLANG_WARN_EMPTY_BODY = YES;
				CLANG_WARN_ENUM_CONVERSION = YES;
				CLANG_WARN_INFINITE_RECURSION = YES;
				CLANG_WARN_INT_CONVERSION = YES;
				CLANG_WARN_NON_LITERAL_NULL_CONVERSION = YES;
				CLANG_WARN_OBJC_IMPLICIT_RETAIN_SELF = YES;
				CLANG_WARN_OBJC_LITERAL_CONVERSION = YES;
				CLANG_WARN_OBJC_ROOT_CLASS = YES_ERROR;
				CLANG_WARN_QUOTED_INCLUDE_IN_FRAMEWORK_HEADER = YES;
				CLANG_WARN_RANGE_LOOP_ANALYSIS = YES;
				CLANG_WARN_STRICT_PROTOTYPES = YES;
				CLANG_WARN_SUSPICIOUS_MOVE = YES;
				CLANG_WARN_UNGUARDED_AVAILABILITY = YES_AGGRESSIVE;
				CLANG_WARN_UNREACHABLE_CODE = YES;
				CLANG_WARN__DUPLICATE_METHOD_MATCH = YES;
				COPY_PHASE_STRIP = NO;
				DEBUG_INFORMATION_FORMAT = dwarf;
				ENABLE_STRICT_OBJC_MSGSEND = YES;
				ENABLE_TESTABILITY = YES;
				ENABLE_USER_SCRIPT_SANDBOXING = YES;
				GCC_C_LANGUAGE_STANDARD = gnu17;
				GCC_DYNAMIC_NO_PIC = NO;
				GCC_NO_COMMON_BLOCKS = YES;
				GCC_OPTIMIZATION_LEVEL = 0;
				GCC_PREPROCESSOR_DEFINITIONS = (
					"DEBUG=1",
					"$(inherited)",
				);
				GCC_WARN_64_TO_32_BIT_CONVERSION = YES;
				GCC_WARN_ABOUT_RETURN_TYPE = YES_ERROR;
				GCC_WARN_UNDECLARED_SELECTOR = YES;
				GCC_WARN_UNINITIALIZED_AUTOS = YES_AGGRESSIVE;
				GCC_WARN_UNUSED_FUNCTION = YES;
				GCC_WARN_UNUSED_VARIABLE = YES;
				IPHONEOS_DEPLOYMENT_TARGET = 17.0;
				LOCALIZATION_PREFERS_STRING_CATALOGS = YES;
				MTL_ENABLE_DEBUG_INFO = INCLUDE_SOURCE;
				MTL_FAST_MATH = YES;
				ONLY_ACTIVE_ARCH = YES;
				SDKROOT = iphoneos;
				SWIFT_ACTIVE_COMPILATION_CONDITIONS = "DEBUG $(inherited)";
				SWIFT_OPTIMIZATION_LEVEL = "-Onone";
			};
			name = Debug;
		};
		D28505892ACFE476000FA305 /* Release */ = {
			isa = XCBuildConfiguration;
			buildSettings = {
				ALWAYS_SEARCH_USER_PATHS = NO;
				ASSETCATALOG_COMPILER_GENERATE_SWIFT_ASSET_SYMBOL_EXTENSIONS = YES;
				CLANG_ANALYZER_NONNULL = YES;
				CLANG_ANALYZER_NUMBER_OBJECT_CONVERSION = YES_AGGRESSIVE;
				CLANG_CXX_LANGUAGE_STANDARD = "gnu++20";
				CLANG_ENABLE_MODULES = YES;
				CLANG_ENABLE_OBJC_ARC = YES;
				CLANG_ENABLE_OBJC_WEAK = YES;
				CLANG_WARN_BLOCK_CAPTURE_AUTORELEASING = YES;
				CLANG_WARN_BOOL_CONVERSION = YES;
				CLANG_WARN_COMMA = YES;
				CLANG_WARN_CONSTANT_CONVERSION = YES;
				CLANG_WARN_DEPRECATED_OBJC_IMPLEMENTATIONS = YES;
				CLANG_WARN_DIRECT_OBJC_ISA_USAGE = YES_ERROR;
				CLANG_WARN_DOCUMENTATION_COMMENTS = YES;
				CLANG_WARN_EMPTY_BODY = YES;
				CLANG_WARN_ENUM_CONVERSION = YES;
				CLANG_WARN_INFINITE_RECURSION = YES;
				CLANG_WARN_INT_CONVERSION = YES;
				CLANG_WARN_NON_LITERAL_NULL_CONVERSION = YES;
				CLANG_WARN_OBJC_IMPLICIT_RETAIN_SELF = YES;
				CLANG_WARN_OBJC_LITERAL_CONVERSION = YES;
				CLANG_WARN_OBJC_ROOT_CLASS = YES_ERROR;
				CLANG_WARN_QUOTED_INCLUDE_IN_FRAMEWORK_HEADER = YES;
				CLANG_WARN_RANGE_LOOP_ANALYSIS = YES;
				CLANG_WARN_STRICT_PROTOTYPES = YES;
				CLANG_WARN_SUSPICIOUS_MOVE = YES;
				CLANG_WARN_UNGUARDED_AVAILABILITY = YES_AGGRESSIVE;
				CLANG_WARN_UNREACHABLE_CODE = YES;
				CLANG_WARN__DUPLICATE_METHOD_MATCH = YES;
				COPY_PHASE_STRIP = NO;
				DEBUG_INFORMATION_FORMAT = "dwarf-with-dsym";
				ENABLE_NS_ASSERTIONS = NO;
				ENABLE_STRICT_OBJC_MSGSEND = YES;
				ENABLE_USER_SCRIPT_SANDBOXING = YES;
				GCC_C_LANGUAGE_STANDARD = gnu17;
				GCC_NO_COMMON_BLOCKS = YES;
				GCC_WARN_64_TO_32_BIT_CONVERSION = YES;
				GCC_WARN_ABOUT_RETURN_TYPE = YES_ERROR;
				GCC_WARN_UNDECLARED_SELECTOR = YES;
				GCC_WARN_UNINITIALIZED_AUTOS = YES_AGGRESSIVE;
				GCC_WARN_UNUSED_FUNCTION = YES;
				GCC_WARN_UNUSED_VARIABLE = YES;
				IPHONEOS_DEPLOYMENT_TARGET = 17.0;
				LOCALIZATION_PREFERS_STRING_CATALOGS = YES;
				MTL_ENABLE_DEBUG_INFO = NO;
				MTL_FAST_MATH = YES;
				SDKROOT = iphoneos;
				SWIFT_COMPILATION_MODE = wholemodule;
				VALIDATE_PRODUCT = YES;
			};
			name = Release;
		};
		D285058B2ACFE476000FA305 /* Debug */ = {
			isa = XCBuildConfiguration;
			buildSettings = {
				ASSETCATALOG_COMPILER_APPICON_NAME = AppIcon;
				ASSETCATALOG_COMPILER_GLOBAL_ACCENT_COLOR_NAME = AccentColor;
				CODE_SIGN_ENTITLEMENTS = "";
				CODE_SIGN_STYLE = Automatic;
				CURRENT_PROJECT_VERSION = 1;
				DEVELOPMENT_ASSET_PATHS = "\"Pet Planner/Preview Content\"";
				DEVELOPMENT_TEAM = QHNUG992DU;
				ENABLE_PREVIEWS = YES;
				GENERATE_INFOPLIST_FILE = YES;
				INFOPLIST_KEY_NSPhotoLibraryUsageDescription = "Bla bla bla";
				INFOPLIST_KEY_UIApplicationSceneManifest_Generation = YES;
				INFOPLIST_KEY_UIApplicationSupportsIndirectInputEvents = YES;
				INFOPLIST_KEY_UILaunchScreen_Generation = YES;
				INFOPLIST_KEY_UISupportedInterfaceOrientations_iPad = "UIInterfaceOrientationPortrait UIInterfaceOrientationPortraitUpsideDown UIInterfaceOrientationLandscapeLeft UIInterfaceOrientationLandscapeRight";
				INFOPLIST_KEY_UISupportedInterfaceOrientations_iPhone = "UIInterfaceOrientationPortrait UIInterfaceOrientationLandscapeLeft UIInterfaceOrientationLandscapeRight";
				LD_RUNPATH_SEARCH_PATHS = (
					"$(inherited)",
					"@executable_path/Frameworks",
				);
				MARKETING_VERSION = 1.0;
				PRODUCT_BUNDLE_IDENTIFIER = "Me.Pet-Planner";
				PRODUCT_NAME = "$(TARGET_NAME)";
				SWIFT_EMIT_LOC_STRINGS = YES;
				SWIFT_VERSION = 5.0;
				TARGETED_DEVICE_FAMILY = "1,2";
			};
			name = Debug;
		};
		D285058C2ACFE476000FA305 /* Release */ = {
			isa = XCBuildConfiguration;
			buildSettings = {
				ASSETCATALOG_COMPILER_APPICON_NAME = AppIcon;
				ASSETCATALOG_COMPILER_GLOBAL_ACCENT_COLOR_NAME = AccentColor;
				CODE_SIGN_ENTITLEMENTS = "";
				CODE_SIGN_STYLE = Automatic;
				CURRENT_PROJECT_VERSION = 1;
				DEVELOPMENT_ASSET_PATHS = "\"Pet Planner/Preview Content\"";
				DEVELOPMENT_TEAM = QHNUG992DU;
				ENABLE_PREVIEWS = YES;
				GENERATE_INFOPLIST_FILE = YES;
				INFOPLIST_KEY_NSPhotoLibraryUsageDescription = "Bla bla bla";
				INFOPLIST_KEY_UIApplicationSceneManifest_Generation = YES;
				INFOPLIST_KEY_UIApplicationSupportsIndirectInputEvents = YES;
				INFOPLIST_KEY_UILaunchScreen_Generation = YES;
				INFOPLIST_KEY_UISupportedInterfaceOrientations_iPad = "UIInterfaceOrientationPortrait UIInterfaceOrientationPortraitUpsideDown UIInterfaceOrientationLandscapeLeft UIInterfaceOrientationLandscapeRight";
				INFOPLIST_KEY_UISupportedInterfaceOrientations_iPhone = "UIInterfaceOrientationPortrait UIInterfaceOrientationLandscapeLeft UIInterfaceOrientationLandscapeRight";
				LD_RUNPATH_SEARCH_PATHS = (
					"$(inherited)",
					"@executable_path/Frameworks",
				);
				MARKETING_VERSION = 1.0;
				PRODUCT_BUNDLE_IDENTIFIER = "Me.Pet-Planner";
				PRODUCT_NAME = "$(TARGET_NAME)";
				SWIFT_EMIT_LOC_STRINGS = YES;
				SWIFT_VERSION = 5.0;
				TARGETED_DEVICE_FAMILY = "1,2";
			};
			name = Release;
		};
/* End XCBuildConfiguration section */

/* Begin XCConfigurationList section */
		D28505772ACFE474000FA305 /* Build configuration list for PBXProject "Pet Planner" */ = {
			isa = XCConfigurationList;
			buildConfigurations = (
				D28505882ACFE476000FA305 /* Debug */,
				D28505892ACFE476000FA305 /* Release */,
			);
			defaultConfigurationIsVisible = 0;
			defaultConfigurationName = Release;
		};
		D285058A2ACFE476000FA305 /* Build configuration list for PBXNativeTarget "Pet Planner" */ = {
			isa = XCConfigurationList;
			buildConfigurations = (
				D285058B2ACFE476000FA305 /* Debug */,
				D285058C2ACFE476000FA305 /* Release */,
			);
			defaultConfigurationIsVisible = 0;
			defaultConfigurationName = Release;
		};
/* End XCConfigurationList section */

/* Begin XCVersionGroup section */
		D28505AF2AD006E4000FA305 /* AnimalsModel.xcdatamodeld */ = {
			isa = XCVersionGroup;
			children = (
				D28505B02AD006E4000FA305 /* AnimalsModel.xcdatamodel */,
			);
			currentVersion = D28505B02AD006E4000FA305 /* AnimalsModel.xcdatamodel */;
			path = AnimalsModel.xcdatamodeld;
			sourceTree = "<group>";
			versionGroupType = wrapper.xcdatamodel;
		};
/* End XCVersionGroup section */
	};
	rootObject = D28505742ACFE474000FA305 /* Project object */;
}
